// !$*UTF8*$!
{
	archiveVersion = 1;
	classes = {
	};
	objectVersion = 55;
	objects = {

/* Begin PBXBuildFile section */
		5C81AB0A284265AF009DFE58 /* Tests_iOS.swift in Sources */ = {isa = PBXBuildFile; fileRef = 5C81AB09284265AF009DFE58 /* Tests_iOS.swift */; };
		5C81AB0C284265AF009DFE58 /* Tests_iOSLaunchTests.swift in Sources */ = {isa = PBXBuildFile; fileRef = 5C81AB0B284265AF009DFE58 /* Tests_iOSLaunchTests.swift */; };
		5C81AB16284265AF009DFE58 /* Tests_macOS.swift in Sources */ = {isa = PBXBuildFile; fileRef = 5C81AB15284265AF009DFE58 /* Tests_macOS.swift */; };
		5C81AB18284265AF009DFE58 /* Tests_macOSLaunchTests.swift in Sources */ = {isa = PBXBuildFile; fileRef = 5C81AB17284265AF009DFE58 /* Tests_macOSLaunchTests.swift */; };
		5C81AB19284265AF009DFE58 /* CheckListApp.swift in Sources */ = {isa = PBXBuildFile; fileRef = 5C81AAF1284265AA009DFE58 /* CheckListApp.swift */; };
		5C81AB1A284265AF009DFE58 /* CheckListApp.swift in Sources */ = {isa = PBXBuildFile; fileRef = 5C81AAF1284265AA009DFE58 /* CheckListApp.swift */; };
		5C81AB1B284265AF009DFE58 /* ContentView.swift in Sources */ = {isa = PBXBuildFile; fileRef = 5C81AAF2284265AA009DFE58 /* ContentView.swift */; };
		5C81AB1C284265AF009DFE58 /* ContentView.swift in Sources */ = {isa = PBXBuildFile; fileRef = 5C81AAF2284265AA009DFE58 /* ContentView.swift */; };
		5C81AB1D284265AF009DFE58 /* Assets.xcassets in Resources */ = {isa = PBXBuildFile; fileRef = 5C81AAF3284265AF009DFE58 /* Assets.xcassets */; };
		5C81AB1E284265AF009DFE58 /* Assets.xcassets in Resources */ = {isa = PBXBuildFile; fileRef = 5C81AAF3284265AF009DFE58 /* Assets.xcassets */; };
/* End PBXBuildFile section */

/* Begin PBXContainerItemProxy section */
		5C81AB06284265AF009DFE58 /* PBXContainerItemProxy */ = {
			isa = PBXContainerItemProxy;
			containerPortal = 5C81AAEC284265AA009DFE58 /* Project object */;
			proxyType = 1;
			remoteGlobalIDString = 5C81AAF7284265AF009DFE58;
			remoteInfo = "CheckList (iOS)";
		};
		5C81AB12284265AF009DFE58 /* PBXContainerItemProxy */ = {
			isa = PBXContainerItemProxy;
			containerPortal = 5C81AAEC284265AA009DFE58 /* Project object */;
			proxyType = 1;
			remoteGlobalIDString = 5C81AAFD284265AF009DFE58;
			remoteInfo = "CheckList (macOS)";
		};
/* End PBXContainerItemProxy section */

/* Begin PBXFileReference section */
		5C81AAF1284265AA009DFE58 /* CheckListApp.swift */ = {isa = PBXFileReference; lastKnownFileType = sourcecode.swift; path = CheckListApp.swift; sourceTree = "<group>"; };
		5C81AAF2284265AA009DFE58 /* ContentView.swift */ = {isa = PBXFileReference; lastKnownFileType = sourcecode.swift; path = ContentView.swift; sourceTree = "<group>"; };
		5C81AAF3284265AF009DFE58 /* Assets.xcassets */ = {isa = PBXFileReference; lastKnownFileType = folder.assetcatalog; path = Assets.xcassets; sourceTree = "<group>"; };
		5C81AAF8284265AF009DFE58 /* CheckList.app */ = {isa = PBXFileReference; explicitFileType = wrapper.application; includeInIndex = 0; path = CheckList.app; sourceTree = BUILT_PRODUCTS_DIR; };
		5C81AAFE284265AF009DFE58 /* CheckList.app */ = {isa = PBXFileReference; explicitFileType = wrapper.application; includeInIndex = 0; path = CheckList.app; sourceTree = BUILT_PRODUCTS_DIR; };
		5C81AB00284265AF009DFE58 /* macOS.entitlements */ = {isa = PBXFileReference; lastKnownFileType = text.plist.entitlements; path = macOS.entitlements; sourceTree = "<group>"; };
		5C81AB05284265AF009DFE58 /* Tests iOS.xctest */ = {isa = PBXFileReference; explicitFileType = wrapper.cfbundle; includeInIndex = 0; path = "Tests iOS.xctest"; sourceTree = BUILT_PRODUCTS_DIR; };
		5C81AB09284265AF009DFE58 /* Tests_iOS.swift */ = {isa = PBXFileReference; lastKnownFileType = sourcecode.swift; path = Tests_iOS.swift; sourceTree = "<group>"; };
		5C81AB0B284265AF009DFE58 /* Tests_iOSLaunchTests.swift */ = {isa = PBXFileReference; lastKnownFileType = sourcecode.swift; path = Tests_iOSLaunchTests.swift; sourceTree = "<group>"; };
		5C81AB11284265AF009DFE58 /* Tests macOS.xctest */ = {isa = PBXFileReference; explicitFileType = wrapper.cfbundle; includeInIndex = 0; path = "Tests macOS.xctest"; sourceTree = BUILT_PRODUCTS_DIR; };
		5C81AB15284265AF009DFE58 /* Tests_macOS.swift */ = {isa = PBXFileReference; lastKnownFileType = sourcecode.swift; path = Tests_macOS.swift; sourceTree = "<group>"; };
		5C81AB17284265AF009DFE58 /* Tests_macOSLaunchTests.swift */ = {isa = PBXFileReference; lastKnownFileType = sourcecode.swift; path = Tests_macOSLaunchTests.swift; sourceTree = "<group>"; };
/* End PBXFileReference section */

/* Begin PBXFrameworksBuildPhase section */
		5C81AAF5284265AF009DFE58 /* Frameworks */ = {
			isa = PBXFrameworksBuildPhase;
			buildActionMask = 2147483647;
			files = (
			);
			runOnlyForDeploymentPostprocessing = 0;
		};
		5C81AAFB284265AF009DFE58 /* Frameworks */ = {
			isa = PBXFrameworksBuildPhase;
			buildActionMask = 2147483647;
			files = (
			);
			runOnlyForDeploymentPostprocessing = 0;
		};
		5C81AB02284265AF009DFE58 /* Frameworks */ = {
			isa = PBXFrameworksBuildPhase;
			buildActionMask = 2147483647;
			files = (
			);
			runOnlyForDeploymentPostprocessing = 0;
		};
		5C81AB0E284265AF009DFE58 /* Frameworks */ = {
			isa = PBXFrameworksBuildPhase;
			buildActionMask = 2147483647;
			files = (
			);
			runOnlyForDeploymentPostprocessing = 0;
		};
/* End PBXFrameworksBuildPhase section */

/* Begin PBXGroup section */
		5C81AAEB284265AA009DFE58 = {
			isa = PBXGroup;
			children = (
				5C81AAF0284265AA009DFE58 /* Shared */,
				5C81AAFF284265AF009DFE58 /* macOS */,
				5C81AB08284265AF009DFE58 /* Tests iOS */,
				5C81AB14284265AF009DFE58 /* Tests macOS */,
				5C81AAF9284265AF009DFE58 /* Products */,
			);
			sourceTree = "<group>";
		};
		5C81AAF0284265AA009DFE58 /* Shared */ = {
			isa = PBXGroup;
			children = (
				5C81AAF1284265AA009DFE58 /* CheckListApp.swift */,
				5C81AAF2284265AA009DFE58 /* ContentView.swift */,
				5C81AAF3284265AF009DFE58 /* Assets.xcassets */,
			);
			path = Shared;
			sourceTree = "<group>";
		};
		5C81AAF9284265AF009DFE58 /* Products */ = {
			isa = PBXGroup;
			children = (
				5C81AAF8284265AF009DFE58 /* CheckList.app */,
				5C81AAFE284265AF009DFE58 /* CheckList.app */,
				5C81AB05284265AF009DFE58 /* Tests iOS.xctest */,
				5C81AB11284265AF009DFE58 /* Tests macOS.xctest */,
			);
			name = Products;
			sourceTree = "<group>";
		};
		5C81AAFF284265AF009DFE58 /* macOS */ = {
			isa = PBXGroup;
			children = (
				5C81AB00284265AF009DFE58 /* macOS.entitlements */,
			);
			path = macOS;
			sourceTree = "<group>";
		};
		5C81AB08284265AF009DFE58 /* Tests iOS */ = {
			isa = PBXGroup;
			children = (
				5C81AB09284265AF009DFE58 /* Tests_iOS.swift */,
				5C81AB0B284265AF009DFE58 /* Tests_iOSLaunchTests.swift */,
			);
			path = "Tests iOS";
			sourceTree = "<group>";
		};
		5C81AB14284265AF009DFE58 /* Tests macOS */ = {
			isa = PBXGroup;
			children = (
				5C81AB15284265AF009DFE58 /* Tests_macOS.swift */,
				5C81AB17284265AF009DFE58 /* Tests_macOSLaunchTests.swift */,
			);
			path = "Tests macOS";
			sourceTree = "<group>";
		};
/* End PBXGroup section */

/* Begin PBXNativeTarget section */
		5C81AAF7284265AF009DFE58 /* CheckList (iOS) */ = {
			isa = PBXNativeTarget;
			buildConfigurationList = 5C81AB21284265AF009DFE58 /* Build configuration list for PBXNativeTarget "CheckList (iOS)" */;
			buildPhases = (
				5C81AAF4284265AF009DFE58 /* Sources */,
				5C81AAF5284265AF009DFE58 /* Frameworks */,
				5C81AAF6284265AF009DFE58 /* Resources */,
			);
			buildRules = (
			);
			dependencies = (
			);
			name = "CheckList (iOS)";
			productName = "CheckList (iOS)";
			productReference = 5C81AAF8284265AF009DFE58 /* CheckList.app */;
			productType = "com.apple.product-type.application";
		};
		5C81AAFD284265AF009DFE58 /* CheckList (macOS) */ = {
			isa = PBXNativeTarget;
			buildConfigurationList = 5C81AB24284265AF009DFE58 /* Build configuration list for PBXNativeTarget "CheckList (macOS)" */;
			buildPhases = (
				5C81AAFA284265AF009DFE58 /* Sources */,
				5C81AAFB284265AF009DFE58 /* Frameworks */,
				5C81AAFC284265AF009DFE58 /* Resources */,
			);
			buildRules = (
			);
			dependencies = (
			);
			name = "CheckList (macOS)";
			productName = "CheckList (macOS)";
			productReference = 5C81AAFE284265AF009DFE58 /* CheckList.app */;
			productType = "com.apple.product-type.application";
		};
		5C81AB04284265AF009DFE58 /* Tests iOS */ = {
			isa = PBXNativeTarget;
			buildConfigurationList = 5C81AB27284265AF009DFE58 /* Build configuration list for PBXNativeTarget "Tests iOS" */;
			buildPhases = (
				5C81AB01284265AF009DFE58 /* Sources */,
				5C81AB02284265AF009DFE58 /* Frameworks */,
				5C81AB03284265AF009DFE58 /* Resources */,
			);
			buildRules = (
			);
			dependencies = (
				5C81AB07284265AF009DFE58 /* PBXTargetDependency */,
			);
			name = "Tests iOS";
			productName = "Tests iOS";
			productReference = 5C81AB05284265AF009DFE58 /* Tests iOS.xctest */;
			productType = "com.apple.product-type.bundle.ui-testing";
		};
		5C81AB10284265AF009DFE58 /* Tests macOS */ = {
			isa = PBXNativeTarget;
			buildConfigurationList = 5C81AB2A284265AF009DFE58 /* Build configuration list for PBXNativeTarget "Tests macOS" */;
			buildPhases = (
				5C81AB0D284265AF009DFE58 /* Sources */,
				5C81AB0E284265AF009DFE58 /* Frameworks */,
				5C81AB0F284265AF009DFE58 /* Resources */,
			);
			buildRules = (
			);
			dependencies = (
				5C81AB13284265AF009DFE58 /* PBXTargetDependency */,
			);
			name = "Tests macOS";
			productName = "Tests macOS";
			productReference = 5C81AB11284265AF009DFE58 /* Tests macOS.xctest */;
			productType = "com.apple.product-type.bundle.ui-testing";
		};
/* End PBXNativeTarget section */

/* Begin PBXProject section */
		5C81AAEC284265AA009DFE58 /* Project object */ = {
			isa = PBXProject;
			attributes = {
				BuildIndependentTargetsInParallel = 1;
				LastSwiftUpdateCheck = 1330;
				LastUpgradeCheck = 1330;
				TargetAttributes = {
					5C81AAF7284265AF009DFE58 = {
						CreatedOnToolsVersion = 13.3;
					};
					5C81AAFD284265AF009DFE58 = {
						CreatedOnToolsVersion = 13.3;
					};
					5C81AB04284265AF009DFE58 = {
						CreatedOnToolsVersion = 13.3;
						TestTargetID = 5C81AAF7284265AF009DFE58;
					};
					5C81AB10284265AF009DFE58 = {
						CreatedOnToolsVersion = 13.3;
						TestTargetID = 5C81AAFD284265AF009DFE58;
					};
				};
			};
			buildConfigurationList = 5C81AAEF284265AA009DFE58 /* Build configuration list for PBXProject "CheckList" */;
			compatibilityVersion = "Xcode 13.0";
			developmentRegion = en;
			hasScannedForEncodings = 0;
			knownRegions = (
				en,
				Base,
			);
			mainGroup = 5C81AAEB284265AA009DFE58;
			productRefGroup = 5C81AAF9284265AF009DFE58 /* Products */;
			projectDirPath = "";
			projectRoot = "";
			targets = (
				5C81AAF7284265AF009DFE58 /* CheckList (iOS) */,
				5C81AAFD284265AF009DFE58 /* CheckList (macOS) */,
				5C81AB04284265AF009DFE58 /* Tests iOS */,
				5C81AB10284265AF009DFE58 /* Tests macOS */,
			);
		};
/* End PBXProject section */

/* Begin PBXResourcesBuildPhase section */
		5C81AAF6284265AF009DFE58 /* Resources */ = {
			isa = PBXResourcesBuildPhase;
			buildActionMask = 2147483647;
			files = (
				5C81AB1D284265AF009DFE58 /* Assets.xcassets in Resources */,
			);
			runOnlyForDeploymentPostprocessing = 0;
		};
		5C81AAFC284265AF009DFE58 /* Resources */ = {
			isa = PBXResourcesBuildPhase;
			buildActionMask = 2147483647;
			files = (
				5C81AB1E284265AF009DFE58 /* Assets.xcassets in Resources */,
			);
			runOnlyForDeploymentPostprocessing = 0;
		};
		5C81AB03284265AF009DFE58 /* Resources */ = {
			isa = PBXResourcesBuildPhase;
			buildActionMask = 2147483647;
			files = (
			);
			runOnlyForDeploymentPostprocessing = 0;
		};
		5C81AB0F284265AF009DFE58 /* Resources */ = {
			isa = PBXResourcesBuildPhase;
			buildActionMask = 2147483647;
			files = (
			);
			runOnlyForDeploymentPostprocessing = 0;
		};
/* End PBXResourcesBuildPhase section */

/* Begin PBXSourcesBuildPhase section */
		5C81AAF4284265AF009DFE58 /* Sources */ = {
			isa = PBXSourcesBuildPhase;
			buildActionMask = 2147483647;
			files = (
				5C81AB1B284265AF009DFE58 /* ContentView.swift in Sources */,
				5C81AB19284265AF009DFE58 /* CheckListApp.swift in Sources */,
			);
			runOnlyForDeploymentPostprocessing = 0;
		};
		5C81AAFA284265AF009DFE58 /* Sources */ = {
			isa = PBXSourcesBuildPhase;
			buildActionMask = 2147483647;
			files = (
				5C81AB1C284265AF009DFE58 /* ContentView.swift in Sources */,
				5C81AB1A284265AF009DFE58 /* CheckListApp.swift in Sources */,
			);
			runOnlyForDeploymentPostprocessing = 0;
		};
		5C81AB01284265AF009DFE58 /* Sources */ = {
			isa = PBXSourcesBuildPhase;
			buildActionMask = 2147483647;
			files = (
				5C81AB0C284265AF009DFE58 /* Tests_iOSLaunchTests.swift in Sources */,
				5C81AB0A284265AF009DFE58 /* Tests_iOS.swift in Sources */,
			);
			runOnlyForDeploymentPostprocessing = 0;
		};
		5C81AB0D284265AF009DFE58 /* Sources */ = {
			isa = PBXSourcesBuildPhase;
			buildActionMask = 2147483647;
			files = (
				5C81AB18284265AF009DFE58 /* Tests_macOSLaunchTests.swift in Sources */,
				5C81AB16284265AF009DFE58 /* Tests_macOS.swift in Sources */,
			);
			runOnlyForDeploymentPostprocessing = 0;
		};
/* End PBXSourcesBuildPhase section */

/* Begin PBXTargetDependency section */
		5C81AB07284265AF009DFE58 /* PBXTargetDependency */ = {
			isa = PBXTargetDependency;
			target = 5C81AAF7284265AF009DFE58 /* CheckList (iOS) */;
			targetProxy = 5C81AB06284265AF009DFE58 /* PBXContainerItemProxy */;
		};
		5C81AB13284265AF009DFE58 /* PBXTargetDependency */ = {
			isa = PBXTargetDependency;
			target = 5C81AAFD284265AF009DFE58 /* CheckList (macOS) */;
			targetProxy = 5C81AB12284265AF009DFE58 /* PBXContainerItemProxy */;
		};
/* End PBXTargetDependency section */

/* Begin XCBuildConfiguration section */
		5C81AB1F284265AF009DFE58 /* Debug */ = {
			isa = XCBuildConfiguration;
			buildSettings = {
				ALWAYS_SEARCH_USER_PATHS = NO;
				CLANG_ANALYZER_NONNULL = YES;
				CLANG_ANALYZER_NUMBER_OBJECT_CONVERSION = YES_AGGRESSIVE;
				CLANG_CXX_LANGUAGE_STANDARD = "gnu++17";
				CLANG_ENABLE_MODULES = YES;
				CLANG_ENABLE_OBJC_ARC = YES;
				CLANG_ENABLE_OBJC_WEAK = YES;
				CLANG_WARN_BLOCK_CAPTURE_AUTORELEASING = YES;
				CLANG_WARN_BOOL_CONVERSION = YES;
				CLANG_WARN_COMMA = YES;
				CLANG_WARN_CONSTANT_CONVERSION = YES;
				CLANG_WARN_DEPRECATED_OBJC_IMPLEMENTATIONS = YES;
				CLANG_WARN_DIRECT_OBJC_ISA_USAGE = YES_ERROR;
				CLANG_WARN_DOCUMENTATION_COMMENTS = YES;
				CLANG_WARN_EMPTY_BODY = YES;
				CLANG_WARN_ENUM_CONVERSION = YES;
				CLANG_WARN_INFINITE_RECURSION = YES;
				CLANG_WARN_INT_CONVERSION = YES;
				CLANG_WARN_NON_LITERAL_NULL_CONVERSION = YES;
				CLANG_WARN_OBJC_IMPLICIT_RETAIN_SELF = YES;
				CLANG_WARN_OBJC_LITERAL_CONVERSION = YES;
				CLANG_WARN_OBJC_ROOT_CLASS = YES_ERROR;
				CLANG_WARN_QUOTED_INCLUDE_IN_FRAMEWORK_HEADER = YES;
				CLANG_WARN_RANGE_LOOP_ANALYSIS = YES;
				CLANG_WARN_STRICT_PROTOTYPES = YES;
				CLANG_WARN_SUSPICIOUS_MOVE = YES;
				CLANG_WARN_UNGUARDED_AVAILABILITY = YES_AGGRESSIVE;
				CLANG_WARN_UNREACHABLE_CODE = YES;
				CLANG_WARN__DUPLICATE_METHOD_MATCH = YES;
				COPY_PHASE_STRIP = NO;
				DEBUG_INFORMATION_FORMAT = dwarf;
				ENABLE_STRICT_OBJC_MSGSEND = YES;
				ENABLE_TESTABILITY = YES;
				GCC_C_LANGUAGE_STANDARD = gnu11;
				GCC_DYNAMIC_NO_PIC = NO;
				GCC_NO_COMMON_BLOCKS = YES;
				GCC_OPTIMIZATION_LEVEL = 0;
				GCC_PREPROCESSOR_DEFINITIONS = (
					"DEBUG=1",
					"$(inherited)",
				);
				GCC_WARN_64_TO_32_BIT_CONVERSION = YES;
				GCC_WARN_ABOUT_RETURN_TYPE = YES_ERROR;
				GCC_WARN_UNDECLARED_SELECTOR = YES;
				GCC_WARN_UNINITIALIZED_AUTOS = YES_AGGRESSIVE;
				GCC_WARN_UNUSED_FUNCTION = YES;
				GCC_WARN_UNUSED_VARIABLE = YES;
				MTL_ENABLE_DEBUG_INFO = INCLUDE_SOURCE;
				MTL_FAST_MATH = YES;
				ONLY_ACTIVE_ARCH = YES;
				SWIFT_ACTIVE_COMPILATION_CONDITIONS = DEBUG;
				SWIFT_OPTIMIZATION_LEVEL = "-Onone";
			};
			name = Debug;
		};
		5C81AB20284265AF009DFE58 /* Release */ = {
			isa = XCBuildConfiguration;
			buildSettings = {
				ALWAYS_SEARCH_USER_PATHS = NO;
				CLANG_ANALYZER_NONNULL = YES;
				CLANG_ANALYZER_NUMBER_OBJECT_CONVERSION = YES_AGGRESSIVE;
				CLANG_CXX_LANGUAGE_STANDARD = "gnu++17";
				CLANG_ENABLE_MODULES = YES;
				CLANG_ENABLE_OBJC_ARC = YES;
				CLANG_ENABLE_OBJC_WEAK = YES;
				CLANG_WARN_BLOCK_CAPTURE_AUTORELEASING = YES;
				CLANG_WARN_BOOL_CONVERSION = YES;
				CLANG_WARN_COMMA = YES;
				CLANG_WARN_CONSTANT_CONVERSION = YES;
				CLANG_WARN_DEPRECATED_OBJC_IMPLEMENTATIONS = YES;
				CLANG_WARN_DIRECT_OBJC_ISA_USAGE = YES_ERROR;
				CLANG_WARN_DOCUMENTATION_COMMENTS = YES;
				CLANG_WARN_EMPTY_BODY = YES;
				CLANG_WARN_ENUM_CONVERSION = YES;
				CLANG_WARN_INFINITE_RECURSION = YES;
				CLANG_WARN_INT_CONVERSION = YES;
				CLANG_WARN_NON_LITERAL_NULL_CONVERSION = YES;
				CLANG_WARN_OBJC_IMPLICIT_RETAIN_SELF = YES;
				CLANG_WARN_OBJC_LITERAL_CONVERSION = YES;
				CLANG_WARN_OBJC_ROOT_CLASS = YES_ERROR;
				CLANG_WARN_QUOTED_INCLUDE_IN_FRAMEWORK_HEADER = YES;
				CLANG_WARN_RANGE_LOOP_ANALYSIS = YES;
				CLANG_WARN_STRICT_PROTOTYPES = YES;
				CLANG_WARN_SUSPICIOUS_MOVE = YES;
				CLANG_WARN_UNGUARDED_AVAILABILITY = YES_AGGRESSIVE;
				CLANG_WARN_UNREACHABLE_CODE = YES;
				CLANG_WARN__DUPLICATE_METHOD_MATCH = YES;
				COPY_PHASE_STRIP = NO;
				DEBUG_INFORMATION_FORMAT = "dwarf-with-dsym";
				ENABLE_NS_ASSERTIONS = NO;
				ENABLE_STRICT_OBJC_MSGSEND = YES;
				GCC_C_LANGUAGE_STANDARD = gnu11;
				GCC_NO_COMMON_BLOCKS = YES;
				GCC_WARN_64_TO_32_BIT_CONVERSION = YES;
				GCC_WARN_ABOUT_RETURN_TYPE = YES_ERROR;
				GCC_WARN_UNDECLARED_SELECTOR = YES;
				GCC_WARN_UNINITIALIZED_AUTOS = YES_AGGRESSIVE;
				GCC_WARN_UNUSED_FUNCTION = YES;
				GCC_WARN_UNUSED_VARIABLE = YES;
				MTL_ENABLE_DEBUG_INFO = NO;
				MTL_FAST_MATH = YES;
				SWIFT_COMPILATION_MODE = wholemodule;
				SWIFT_OPTIMIZATION_LEVEL = "-O";
			};
			name = Release;
		};
		5C81AB22284265AF009DFE58 /* Debug */ = {
			isa = XCBuildConfiguration;
			buildSettings = {
				ASSETCATALOG_COMPILER_APPICON_NAME = AppIcon;
				ASSETCATALOG_COMPILER_GLOBAL_ACCENT_COLOR_NAME = AccentColor;
				CODE_SIGN_STYLE = Automatic;
				CURRENT_PROJECT_VERSION = 1;
				DEVELOPMENT_TEAM = 2Y6MEDAL5W;
				ENABLE_PREVIEWS = YES;
				GENERATE_INFOPLIST_FILE = YES;
				INFOPLIST_KEY_UIApplicationSceneManifest_Generation = YES;
				INFOPLIST_KEY_UIApplicationSupportsIndirectInputEvents = YES;
				INFOPLIST_KEY_UILaunchScreen_Generation = YES;
				INFOPLIST_KEY_UISupportedInterfaceOrientations_iPad = "UIInterfaceOrientationPortrait UIInterfaceOrientationPortraitUpsideDown UIInterfaceOrientationLandscapeLeft UIInterfaceOrientationLandscapeRight";
				INFOPLIST_KEY_UISupportedInterfaceOrientations_iPhone = "UIInterfaceOrientationPortrait UIInterfaceOrientationLandscapeLeft UIInterfaceOrientationLandscapeRight";
				IPHONEOS_DEPLOYMENT_TARGET = 15.4;
				LD_RUNPATH_SEARCH_PATHS = (
					"$(inherited)",
					"@executable_path/Frameworks",
				);
				MARKETING_VERSION = 1.0;
				PRODUCT_BUNDLE_IDENTIFIER = "escape-anaemia.CheckList";
				PRODUCT_NAME = CheckList;
				SDKROOT = iphoneos;
				SWIFT_EMIT_LOC_STRINGS = YES;
				SWIFT_VERSION = 5.0;
				TARGETED_DEVICE_FAMILY = "1,2";
			};
			name = Debug;
		};
		5C81AB23284265AF009DFE58 /* Release */ = {
			isa = XCBuildConfiguration;
			buildSettings = {
				ASSETCATALOG_COMPILER_APPICON_NAME = AppIcon;
				ASSETCATALOG_COMPILER_GLOBAL_ACCENT_COLOR_NAME = AccentColor;
				CODE_SIGN_STYLE = Automatic;
				CURRENT_PROJECT_VERSION = 1;
				DEVELOPMENT_TEAM = 2Y6MEDAL5W;
				ENABLE_PREVIEWS = YES;
				GENERATE_INFOPLIST_FILE = YES;
				INFOPLIST_KEY_UIApplicationSceneManifest_Generation = YES;
				INFOPLIST_KEY_UIApplicationSupportsIndirectInputEvents = YES;
				INFOPLIST_KEY_UILaunchScreen_Generation = YES;
				INFOPLIST_KEY_UISupportedInterfaceOrientations_iPad = "UIInterfaceOrientationPortrait UIInterfaceOrientationPortraitUpsideDown UIInterfaceOrientationLandscapeLeft UIInterfaceOrientationLandscapeRight";
				INFOPLIST_KEY_UISupportedInterfaceOrientations_iPhone = "UIInterfaceOrientationPortrait UIInterfaceOrientationLandscapeLeft UIInterfaceOrientationLandscapeRight";
				IPHONEOS_DEPLOYMENT_TARGET = 15.4;
				LD_RUNPATH_SEARCH_PATHS = (
					"$(inherited)",
					"@executable_path/Frameworks",
				);
				MARKETING_VERSION = 1.0;
				PRODUCT_BUNDLE_IDENTIFIER = "escape-anaemia.CheckList";
				PRODUCT_NAME = CheckList;
				SDKROOT = iphoneos;
				SWIFT_EMIT_LOC_STRINGS = YES;
				SWIFT_VERSION = 5.0;
				TARGETED_DEVICE_FAMILY = "1,2";
				VALIDATE_PRODUCT = YES;
			};
			name = Release;
		};
		5C81AB25284265AF009DFE58 /* Debug */ = {
			isa = XCBuildConfiguration;
			buildSettings = {
				ASSETCATALOG_COMPILER_APPICON_NAME = AppIcon;
				ASSETCATALOG_COMPILER_GLOBAL_ACCENT_COLOR_NAME = AccentColor;
				CODE_SIGN_ENTITLEMENTS = macOS/macOS.entitlements;
				CODE_SIGN_STYLE = Automatic;
				COMBINE_HIDPI_IMAGES = YES;
				CURRENT_PROJECT_VERSION = 1;
				DEVELOPMENT_TEAM = 2Y6MEDAL5W;
				ENABLE_HARDENED_RUNTIME = YES;
				ENABLE_PREVIEWS = YES;
				GENERATE_INFOPLIST_FILE = YES;
				INFOPLIST_KEY_NSHumanReadableCopyright = "";
				LD_RUNPATH_SEARCH_PATHS = (
					"$(inherited)",
					"@executable_path/../Frameworks",
				);
				MACOSX_DEPLOYMENT_TARGET = 12.3;
				MARKETING_VERSION = 1.0;
				PRODUCT_BUNDLE_IDENTIFIER = "escape-anaemia.CheckList";
				PRODUCT_NAME = CheckList;
				SDKROOT = macosx;
				SWIFT_EMIT_LOC_STRINGS = YES;
				SWIFT_VERSION = 5.0;
			};
			name = Debug;
		};
		5C81AB26284265AF009DFE58 /* Release */ = {
			isa = XCBuildConfiguration;
			buildSettings = {
				ASSETCATALOG_COMPILER_APPICON_NAME = AppIcon;
				ASSETCATALOG_COMPILER_GLOBAL_ACCENT_COLOR_NAME = AccentColor;
				CODE_SIGN_ENTITLEMENTS = macOS/macOS.entitlements;
				CODE_SIGN_STYLE = Automatic;
				COMBINE_HIDPI_IMAGES = YES;
				CURRENT_PROJECT_VERSION = 1;
				DEVELOPMENT_TEAM = 2Y6MEDAL5W;
				ENABLE_HARDENED_RUNTIME = YES;
				ENABLE_PREVIEWS = YES;
				GENERATE_INFOPLIST_FILE = YES;
				INFOPLIST_KEY_NSHumanReadableCopyright = "";
				LD_RUNPATH_SEARCH_PATHS = (
					"$(inherited)",
					"@executable_path/../Frameworks",
				);
				MACOSX_DEPLOYMENT_TARGET = 12.3;
				MARKETING_VERSION = 1.0;
				PRODUCT_BUNDLE_IDENTIFIER = "escape-anaemia.CheckList";
				PRODUCT_NAME = CheckList;
				SDKROOT = macosx;
				SWIFT_EMIT_LOC_STRINGS = YES;
				SWIFT_VERSION = 5.0;
			};
			name = Release;
		};
		5C81AB28284265AF009DFE58 /* Debug */ = {
			isa = XCBuildConfiguration;
			buildSettings = {
				ALWAYS_EMBED_SWIFT_STANDARD_LIBRARIES = YES;
				CODE_SIGN_STYLE = Automatic;
				CURRENT_PROJECT_VERSION = 1;
				DEVELOPMENT_TEAM = 2Y6MEDAL5W;
				GENERATE_INFOPLIST_FILE = YES;
				IPHONEOS_DEPLOYMENT_TARGET = 15.4;
				MARKETING_VERSION = 1.0;
				PRODUCT_BUNDLE_IDENTIFIER = "escape-anaemia.Tests-iOS";
				PRODUCT_NAME = "$(TARGET_NAME)";
				SDKROOT = iphoneos;
				SWIFT_EMIT_LOC_STRINGS = NO;
				SWIFT_VERSION = 5.0;
				TARGETED_DEVICE_FAMILY = "1,2";
				TEST_TARGET_NAME = "CheckList (iOS)";
			};
			name = Debug;
		};
		5C81AB29284265AF009DFE58 /* Release */ = {
			isa = XCBuildConfiguration;
			buildSettings = {
				ALWAYS_EMBED_SWIFT_STANDARD_LIBRARIES = YES;
				CODE_SIGN_STYLE = Automatic;
				CURRENT_PROJECT_VERSION = 1;
				DEVELOPMENT_TEAM = 2Y6MEDAL5W;
				GENERATE_INFOPLIST_FILE = YES;
				IPHONEOS_DEPLOYMENT_TARGET = 15.4;
				MARKETING_VERSION = 1.0;
				PRODUCT_BUNDLE_IDENTIFIER = "escape-anaemia.Tests-iOS";
				PRODUCT_NAME = "$(TARGET_NAME)";
				SDKROOT = iphoneos;
				SWIFT_EMIT_LOC_STRINGS = NO;
				SWIFT_VERSION = 5.0;
				TARGETED_DEVICE_FAMILY = "1,2";
				TEST_TARGET_NAME = "CheckList (iOS)";
				VALIDATE_PRODUCT = YES;
			};
			name = Release;
		};
		5C81AB2B284265AF009DFE58 /* Debug */ = {
			isa = XCBuildConfiguration;
			buildSettings = {
				ALWAYS_EMBED_SWIFT_STANDARD_LIBRARIES = YES;
				CODE_SIGN_STYLE = Automatic;
				CURRENT_PROJECT_VERSION = 1;
				DEVELOPMENT_TEAM = 2Y6MEDAL5W;
				GENERATE_INFOPLIST_FILE = YES;
				MACOSX_DEPLOYMENT_TARGET = 12.3;
				MARKETING_VERSION = 1.0;
				PRODUCT_BUNDLE_IDENTIFIER = "escape-anaemia.Tests-macOS";
				PRODUCT_NAME = "$(TARGET_NAME)";
				SDKROOT = macosx;
				SWIFT_EMIT_LOC_STRINGS = NO;
				SWIFT_VERSION = 5.0;
				TEST_TARGET_NAME = "CheckList (macOS)";
			};
			name = Debug;
		};
		5C81AB2C284265AF009DFE58 /* Release */ = {
			isa = XCBuildConfiguration;
			buildSettings = {
				ALWAYS_EMBED_SWIFT_STANDARD_LIBRARIES = YES;
				CODE_SIGN_STYLE = Automatic;
				CURRENT_PROJECT_VERSION = 1;
				DEVELOPMENT_TEAM = 2Y6MEDAL5W;
				GENERATE_INFOPLIST_FILE = YES;
				MACOSX_DEPLOYMENT_TARGET = 12.3;
				MARKETING_VERSION = 1.0;
				PRODUCT_BUNDLE_IDENTIFIER = "escape-anaemia.Tests-macOS";
				PRODUCT_NAME = "$(TARGET_NAME)";
				SDKROOT = macosx;
				SWIFT_EMIT_LOC_STRINGS = NO;
				SWIFT_VERSION = 5.0;
				TEST_TARGET_NAME = "CheckList (macOS)";
			};
			name = Release;
		};
/* End XCBuildConfiguration section */

/* Begin XCConfigurationList section */
		5C81AAEF284265AA009DFE58 /* Build configuration list for PBXProject "CheckList" */ = {
			isa = XCConfigurationList;
			buildConfigurations = (
				5C81AB1F284265AF009DFE58 /* Debug */,
				5C81AB20284265AF009DFE58 /* Release */,
			);
			defaultConfigurationIsVisible = 0;
			defaultConfigurationName = Release;
		};
		5C81AB21284265AF009DFE58 /* Build configuration list for PBXNativeTarget "CheckList (iOS)" */ = {
			isa = XCConfigurationList;
			buildConfigurations = (
				5C81AB22284265AF009DFE58 /* Debug */,
				5C81AB23284265AF009DFE58 /* Release */,
			);
			defaultConfigurationIsVisible = 0;
			defaultConfigurationName = Release;
		};
		5C81AB24284265AF009DFE58 /* Build configuration list for PBXNativeTarget "CheckList (macOS)" */ = {
			isa = XCConfigurationList;
			buildConfigurations = (
				5C81AB25284265AF009DFE58 /* Debug */,
				5C81AB26284265AF009DFE58 /* Release */,
			);
			defaultConfigurationIsVisible = 0;
			defaultConfigurationName = Release;
		};
		5C81AB27284265AF009DFE58 /* Build configuration list for PBXNativeTarget "Tests iOS" */ = {
			isa = XCConfigurationList;
			buildConfigurations = (
				5C81AB28284265AF009DFE58 /* Debug */,
				5C81AB29284265AF009DFE58 /* Release */,
			);
			defaultConfigurationIsVisible = 0;
			defaultConfigurationName = Release;
		};
		5C81AB2A284265AF009DFE58 /* Build configuration list for PBXNativeTarget "Tests macOS" */ = {
			isa = XCConfigurationList;
			buildConfigurations = (
				5C81AB2B284265AF009DFE58 /* Debug */,
				5C81AB2C284265AF009DFE58 /* Release */,
			);
			defaultConfigurationIsVisible = 0;
			defaultConfigurationName = Release;
		};
/* End XCConfigurationList section */
	};
	rootObject = 5C81AAEC284265AA009DFE58 /* Project object */;
}
